
Microsoft Visual Studio Solution File, Format Version 12.00
# Visual Studio Version 17
VisualStudioVersion = 17.5.002.0
MinimumVisualStudioVersion = 10.0.40219.1
Project("{9A19103F-16F7-4668-BE54-9A1E7A4F7556}") = "BookStoreBackend", "BookStoreBackend.csproj", "{A9803C08-085C-46E4-A191-EBE147874118}"
EndProject
Global
	GlobalSection(SolutionConfigurationPlatforms) = preSolution
		Debug|Any CPU = Debug|Any CPU
		Release|Any CPU = Release|Any CPU
	EndGlobalSection
	GlobalSection(ProjectConfigurationPlatforms) = postSolution
		{A9803C08-085C-46E4-A191-EBE147874118}.Debug|Any CPU.ActiveCfg = Debug|Any CPU
		{A9803C08-085C-46E4-A191-EBE147874118}.Debug|Any CPU.Build.0 = Debug|Any CPU
		{A9803C08-085C-46E4-A191-EBE147874118}.Release|Any CPU.ActiveCfg = Release|Any CPU
		{A9803C08-085C-46E4-A191-EBE147874118}.Release|Any CPU.Build.0 = Release|Any CPU
	EndGlobalSection
	GlobalSection(SolutionProperties) = preSolution
		HideSolutionNode = FALSE
	EndGlobalSection
	GlobalSection(ExtensibilityGlobals) = postSolution
		SolutionGuid = {1DC69325-39F4-451E-BE50-E390151D2FA6}
	EndGlobalSection
EndGlobal
